
Microsoft Visual Studio Solution File, Format Version 11.00
# Visual Studio 2010
Project("{FAE04EC0-301F-11D3-BF4B-00C04F79EFBC}") = "UnityBabylonVertexData", "Assembly-CSharp-firstpass.csproj", "{E515FF65-CB7A-BDFA-994C-82FA9A0D35E1}"
EndProject
Project("{FAE04EC0-301F-11D3-BF4B-00C04F79EFBC}") = "UnityBabylonVertexData", "Assembly-CSharp.csproj", "{DFADBFB0-12A6-F593-ED93-5ABC94E29BDD}"
EndProject
Project("{FAE04EC0-301F-11D3-BF4B-00C04F79EFBC}") = "UnityBabylonVertexData", "Assembly-CSharp-Editor-firstpass.csproj", "{9ED1BBB1-D167-8F33-A56D-595B53DEC911}"
EndProject
Project("{FAE04EC0-301F-11D3-BF4B-00C04F79EFBC}") = "UnityBabylonVertexData", "Assembly-CSharp-Editor.csproj", "{8F8F3908-A047-635C-13F1-9A32850CF52E}"
EndProject
Global
	GlobalSection(SolutionConfigurationPlatforms) = preSolution
		Debug|Any CPU = Debug|Any CPU
		Release|Any CPU = Release|Any CPU
	EndGlobalSection
	GlobalSection(ProjectConfigurationPlatforms) = postSolution
		{E515FF65-CB7A-BDFA-994C-82FA9A0D35E1}.Debug|Any CPU.ActiveCfg = Debug|Any CPU
		{E515FF65-CB7A-BDFA-994C-82FA9A0D35E1}.Debug|Any CPU.Build.0 = Debug|Any CPU
		{E515FF65-CB7A-BDFA-994C-82FA9A0D35E1}.Release|Any CPU.ActiveCfg = Release|Any CPU
		{E515FF65-CB7A-BDFA-994C-82FA9A0D35E1}.Release|Any CPU.Build.0 = Release|Any CPU
		{DFADBFB0-12A6-F593-ED93-5ABC94E29BDD}.Debug|Any CPU.ActiveCfg = Debug|Any CPU
		{DFADBFB0-12A6-F593-ED93-5ABC94E29BDD}.Debug|Any CPU.Build.0 = Debug|Any CPU
		{DFADBFB0-12A6-F593-ED93-5ABC94E29BDD}.Release|Any CPU.ActiveCfg = Release|Any CPU
		{DFADBFB0-12A6-F593-ED93-5ABC94E29BDD}.Release|Any CPU.Build.0 = Release|Any CPU
		{9ED1BBB1-D167-8F33-A56D-595B53DEC911}.Debug|Any CPU.ActiveCfg = Debug|Any CPU
		{9ED1BBB1-D167-8F33-A56D-595B53DEC911}.Debug|Any CPU.Build.0 = Debug|Any CPU
		{9ED1BBB1-D167-8F33-A56D-595B53DEC911}.Release|Any CPU.ActiveCfg = Release|Any CPU
		{9ED1BBB1-D167-8F33-A56D-595B53DEC911}.Release|Any CPU.Build.0 = Release|Any CPU
		{8F8F3908-A047-635C-13F1-9A32850CF52E}.Debug|Any CPU.ActiveCfg = Debug|Any CPU
		{8F8F3908-A047-635C-13F1-9A32850CF52E}.Debug|Any CPU.Build.0 = Debug|Any CPU
		{8F8F3908-A047-635C-13F1-9A32850CF52E}.Release|Any CPU.ActiveCfg = Release|Any CPU
		{8F8F3908-A047-635C-13F1-9A32850CF52E}.Release|Any CPU.Build.0 = Release|Any CPU
	EndGlobalSection
	GlobalSection(SolutionProperties) = preSolution
		HideSolutionNode = FALSE
	EndGlobalSection
	GlobalSection(MonoDevelopProperties) = preSolution
		StartupItem = Assembly-CSharp.csproj
	EndGlobalSection
EndGlobal
